{
    "version": 3,
    "terraform_version": "0.11.11",
    "serial": 3,
    "lineage": "4034ebe7-ec5b-2189-ec8a-4d8f5ddb7b9d",
    "modules": [
        {
            "path": [
                "root"
            ],
            "outputs": {},
            "resources": {
                "google_compute_firewall.ssh": {
                    "type": "google_compute_firewall",
                    "depends_on": [
                        "google_compute_network.shippy-network"
                    ],
                    "primary": {
                        "id": "shippy-platform-ssh",
                        "attributes": {
                            "allow.#": "2",
                            "allow.1367131964.ports.#": "0",
                            "allow.1367131964.protocol": "icmp",
                            "allow.827249178.ports.#": "3",
                            "allow.827249178.ports.0": "22",
                            "allow.827249178.ports.1": "80",
                            "allow.827249178.ports.2": "443",
                            "allow.827249178.protocol": "tcp",
                            "creation_timestamp": "2020-06-11T03:51:40.004-07:00",
                            "deny.#": "0",
                            "description": "",
                            "destination_ranges.#": "0",
                            "direction": "INGRESS",
                            "disabled": "false",
                            "id": "shippy-platform-ssh",
                            "name": "shippy-platform-ssh",
                            "network": "https://www.googleapis.com/compute/v1/projects/shippy-infrastructure-280009/global/networks/shippy-platform",
                            "priority": "1000",
                            "project": "shippy-infrastructure-280009",
                            "self_link": "https://www.googleapis.com/compute/v1/projects/shippy-infrastructure-280009/global/firewalls/shippy-platform-ssh",
                            "source_ranges.#": "1",
                            "source_ranges.1080289494": "0.0.0.0/0",
                            "source_service_accounts.#": "0",
                            "source_tags.#": "0",
                            "target_service_accounts.#": "0",
                            "target_tags.#": "0"
                        },
                        "meta": {
                            "e2bfb730-ecaa-11e6-8f88-34363bc7c4c0": {
                                "create": 240000000000,
                                "delete": 240000000000,
                                "update": 240000000000
                            },
                            "schema_version": "1"
                        },
                        "tainted": false
                    },
                    "deposed": [],
                    "provider": "provider.google"
                },
                "google_compute_network.shippy-network": {
                    "type": "google_compute_network",
                    "depends_on": [],
                    "primary": {
                        "id": "shippy-platform",
                        "attributes": {
                            "auto_create_subnetworks": "true",
                            "delete_default_routes_on_create": "false",
                            "description": "",
                            "gateway_ipv4": "",
                            "id": "shippy-platform",
                            "ipv4_range": "",
                            "name": "shippy-platform",
                            "project": "shippy-infrastructure-280009",
                            "routing_mode": "REGIONAL",
                            "self_link": "https://www.googleapis.com/compute/v1/projects/shippy-infrastructure-280009/global/networks/shippy-platform"
                        },
                        "meta": {
                            "e2bfb730-ecaa-11e6-8f88-34363bc7c4c0": {
                                "create": 240000000000,
                                "delete": 240000000000,
                                "update": 240000000000
                            }
                        },
                        "tainted": false
                    },
                    "deposed": [],
                    "provider": "provider.google"
                },
                "google_compute_subnetwork.shippy-infrastructure": {
                    "type": "google_compute_subnetwork",
                    "depends_on": [
                        "google_compute_network.shippy-network"
                    ],
                    "primary": {
                        "id": "europe-west2/dev-shippy-platform-europe-west2",
                        "attributes": {
                            "creation_timestamp": "2020-06-11T03:51:40.435-07:00",
                            "description": "",
                            "enable_flow_logs": "false",
                            "fingerprint": "DRPGfy8RSvI=",
                            "gateway_address": "10.1.2.1",
                            "id": "europe-west2/dev-shippy-platform-europe-west2",
                            "ip_cidr_range": "10.1.2.0/24",
                            "log_config.#": "0",
                            "name": "dev-shippy-platform-europe-west2",
                            "network": "https://www.googleapis.com/compute/v1/projects/shippy-infrastructure-280009/global/networks/shippy-platform",
                            "private_ip_google_access": "false",
                            "project": "shippy-infrastructure-280009",
                            "region": "europe-west2",
                            "secondary_ip_range.#": "0",
                            "self_link": "https://www.googleapis.com/compute/v1/projects/shippy-infrastructure-280009/regions/europe-west2/subnetworks/dev-shippy-platform-europe-west2"
                        },
                        "meta": {
                            "e2bfb730-ecaa-11e6-8f88-34363bc7c4c0": {
                                "create": 360000000000,
                                "delete": 360000000000,
                                "update": 360000000000
                            }
                        },
                        "tainted": false
                    },
                    "deposed": [],
                    "provider": "provider.google"
                },
                "google_container_cluster.shippy-infrastructure-cluster": {
                    "type": "google_container_cluster",
                    "depends_on": [
                        "google_compute_network.shippy-network",
                        "google_compute_subnetwork.shippy-infrastructure"
                    ],
                    "primary": {
                        "id": "shippy-infrastructure-cluster",
                        "attributes": {
                            "additional_zones.#": "0",
                            "addons_config.#": "1",
                            "addons_config.0.horizontal_pod_autoscaling.#": "0",
                            "addons_config.0.http_load_balancing.#": "0",
                            "addons_config.0.kubernetes_dashboard.#": "1",
                            "addons_config.0.kubernetes_dashboard.0.disabled": "true",
                            "addons_config.0.network_policy_config.#": "1",
                            "addons_config.0.network_policy_config.0.disabled": "true",
                            "cluster_autoscaling.#": "0",
                            "cluster_ipv4_cidr": "10.56.0.0/14",
                            "description": "",
                            "enable_kubernetes_alpha": "false",
                            "enable_legacy_abac": "false",
                            "endpoint": "35.197.201.116",
                            "id": "shippy-infrastructure-cluster",
                            "initial_node_count": "1",
                            "instance_group_urls.#": "1",
                            "instance_group_urls.0": "https://www.googleapis.com/compute/v1/projects/shippy-infrastructure-280009/zones/europe-west2-a/instanceGroups/gke-shippy-infrastructur-default-pool-41784083-grp",
                            "ip_allocation_policy.#": "1",
                            "ip_allocation_policy.0.cluster_ipv4_cidr_block": "",
                            "ip_allocation_policy.0.cluster_secondary_range_name": "",
                            "ip_allocation_policy.0.create_subnetwork": "false",
                            "ip_allocation_policy.0.node_ipv4_cidr_block": "10.1.2.0/24",
                            "ip_allocation_policy.0.services_ipv4_cidr_block": "",
                            "ip_allocation_policy.0.services_secondary_range_name": "",
                            "ip_allocation_policy.0.subnetwork_name": "",
                            "ip_allocation_policy.0.use_ip_aliases": "false",
                            "location": "europe-west2-a",
                            "logging_service": "logging.googleapis.com/kubernetes",
                            "maintenance_policy.#": "0",
                            "master_auth.#": "1",
                            "master_auth.0.client_certificate": "",
                            "master_auth.0.client_certificate_config.#": "1",
                            "master_auth.0.client_certificate_config.0.issue_client_certificate": "false",
                            "master_auth.0.client_key": "",
                            "master_auth.0.cluster_ca_certificate": "LS0tLS1CRUdJTiBDRVJUSUZJQ0FURS0tLS0tCk1JSURDekNDQWZPZ0F3SUJBZ0lRR3hScmVPTEhOSWswMHQ0b0RBaFp6REFOQmdrcWhraUc5dzBCQVFzRkFEQXYKTVMwd0t3WURWUVFERXlSaU5ESTJZems0TkMwMk5UVTRMVFJoTVdVdE9HVXpaQzAyWkRVek5tUXlOV0l3TWpZdwpIaGNOTWpBd05qRXhNRGsxTWpBM1doY05NalV3TmpFd01UQTFNakEzV2pBdk1TMHdLd1lEVlFRREV5UmlOREkyCll6azROQzAyTlRVNExUUmhNV1V0T0dVelpDMDJaRFV6Tm1ReU5XSXdNall3Z2dFaU1BMEdDU3FHU0liM0RRRUIKQVFVQUE0SUJEd0F3Z2dFS0FvSUJBUUMwS2pHOEJtNU11Y3JaZXA2ejdBYkdra2dZMXpYMmFiMzhUTjZjWSszNgpYeXZ4dlI1cXBBa0pJd0xvUFgzUjQxelNDeHNJcS9DcXFuY2hDYWxyMjYyWk8vYTBaWVR3aGg5NkYvdnhaVjZrCmhndnUzYzVYV29OaHpJdkVSWW1RZUFOSXVaS1hkSnIxd0o3WlJ4TkV2Y2Nlc1o1VGxJelpWRFc1SVk3WHNoN2kKSHRnZ3NreDlQZGZzK0RkRFVYd29jTVBqaWJoT3NwbXIva2dpb25ZcjN1L1FsSEFmaWVaa2lhMDM2NWo1dC95ZApzRTJPQTEyZWlTTUtqOEhqT0dEMFJPT0RDQ01xaHZmblZsTFg0cjB6ZW5zZUZiejRiMStZTVlqTFhQK0hNUTRlClRVaEYwZVpwQmxvejR1MjVOMFo3bnhoOUhDeXpZbUpJOFo3a0FId3VrNm0xQWdNQkFBR2pJekFoTUE0R0ExVWQKRHdFQi93UUVBd0lDQkRBUEJnTlZIUk1CQWY4RUJUQURBUUgvTUEwR0NTcUdTSWIzRFFFQkN3VUFBNElCQVFCYwovb2JGZE9YT3MwMkRiaHJtWFVCQ1BsVjFsZmt4bHZIV1k5aDBEUWNoM21pZzI5bmt1NENaQ1hPZkcvcEhLelRKCndzMEtPSTEwQW5zTURZTzkyU0ZOLzJiRVVUdFZyL2V2RlJ6U20zWUdQc2JSSnRSMndnYzNMSC96Y0lESGV2aVEKemUwUlZNWTg3N01EOVR3WnNycURiT29QdlhtZjdIOGp5RnJIc3orY1FxdFovdFhDZDdPZkFGaEJqY3QxM1Z2UQpNTnhjSFNkYjNGdXFHa252WDNwUXJkNkVZUWdVcnIrYWVqcXJINGZHK1NaK1Q4aWtZbldkMWdzUEpCQVFWY1hsCmMwMDh0MHJ5d1VHWlpyamowaWJpODQ5eUlSaHFnQnRiaXhNMFVYL3VkRWtKWGFKZVQ3RjRJeEhXUnN0V25kb0oKdURNNlI1YSsyZStaSTMrUVhaT0UKLS0tLS1FTkQgQ0VSVElGSUNBVEUtLS0tLQo=",
                            "master_auth.0.password": "misteradminsmegapassword1",
                            "master_auth.0.username": "misteradmin",
                            "master_authorized_networks_config.#": "0",
                            "master_version": "1.14.10-gke.36",
                            "monitoring_service": "monitoring.googleapis.com/kubernetes",
                            "name": "shippy-infrastructure-cluster",
                            "network": "projects/shippy-infrastructure-280009/global/networks/shippy-platform",
                            "network_policy.#": "1",
                            "network_policy.0.enabled": "false",
                            "network_policy.0.provider": "PROVIDER_UNSPECIFIED",
                            "node_config.#": "1",
                            "node_config.0.disk_size_gb": "100",
                            "node_config.0.disk_type": "pd-standard",
                            "node_config.0.guest_accelerator.#": "0",
                            "node_config.0.image_type": "COS",
                            "node_config.0.labels.%": "0",
                            "node_config.0.local_ssd_count": "0",
                            "node_config.0.machine_type": "n1-standard-1",
                            "node_config.0.metadata.%": "1",
                            "node_config.0.metadata.disable-legacy-endpoints": "true",
                            "node_config.0.min_cpu_platform": "",
                            "node_config.0.oauth_scopes.#": "6",
                            "node_config.0.oauth_scopes.1277378754": "https://www.googleapis.com/auth/monitoring",
                            "node_config.0.oauth_scopes.1693978638": "https://www.googleapis.com/auth/devstorage.full_control",
                            "node_config.0.oauth_scopes.172152165": "https://www.googleapis.com/auth/logging.write",
                            "node_config.0.oauth_scopes.1733087937": "https://www.googleapis.com/auth/cloud-platform",
                            "node_config.0.oauth_scopes.299962681": "https://www.googleapis.com/auth/compute",
                            "node_config.0.oauth_scopes.4159840982": "https://www.googleapis.com/auth/projecthosting",
                            "node_config.0.preemptible": "false",
                            "node_config.0.sandbox_config.#": "0",
                            "node_config.0.service_account": "default",
                            "node_config.0.shielded_instance_config.#": "1",
                            "node_config.0.shielded_instance_config.0.enable_integrity_monitoring": "true",
                            "node_config.0.shielded_instance_config.0.enable_secure_boot": "false",
                            "node_config.0.tags.#": "0",
                            "node_config.0.taint.#": "0",
                            "node_config.0.workload_metadata_config.#": "0",
                            "node_locations.#": "0",
                            "node_pool.#": "1",
                            "node_pool.0.autoscaling.#": "0",
                            "node_pool.0.initial_node_count": "1",
                            "node_pool.0.instance_group_urls.#": "1",
                            "node_pool.0.instance_group_urls.0": "https://www.googleapis.com/compute/v1/projects/shippy-infrastructure-280009/zones/europe-west2-a/instanceGroupManagers/gke-shippy-infrastructur-default-pool-41784083-grp",
                            "node_pool.0.management.#": "1",
                            "node_pool.0.management.0.auto_repair": "true",
                            "node_pool.0.management.0.auto_upgrade": "true",
                            "node_pool.0.max_pods_per_node": "0",
                            "node_pool.0.name": "default-pool",
                            "node_pool.0.name_prefix": "",
                            "node_pool.0.node_config.#": "1",
                            "node_pool.0.node_config.0.disk_size_gb": "100",
                            "node_pool.0.node_config.0.disk_type": "pd-standard",
                            "node_pool.0.node_config.0.guest_accelerator.#": "0",
                            "node_pool.0.node_config.0.image_type": "COS",
                            "node_pool.0.node_config.0.labels.%": "0",
                            "node_pool.0.node_config.0.local_ssd_count": "0",
                            "node_pool.0.node_config.0.machine_type": "n1-standard-1",
                            "node_pool.0.node_config.0.metadata.%": "1",
                            "node_pool.0.node_config.0.metadata.disable-legacy-endpoints": "true",
                            "node_pool.0.node_config.0.min_cpu_platform": "",
                            "node_pool.0.node_config.0.oauth_scopes.#": "6",
                            "node_pool.0.node_config.0.oauth_scopes.1277378754": "https://www.googleapis.com/auth/monitoring",
                            "node_pool.0.node_config.0.oauth_scopes.1693978638": "https://www.googleapis.com/auth/devstorage.full_control",
                            "node_pool.0.node_config.0.oauth_scopes.172152165": "https://www.googleapis.com/auth/logging.write",
                            "node_pool.0.node_config.0.oauth_scopes.1733087937": "https://www.googleapis.com/auth/cloud-platform",
                            "node_pool.0.node_config.0.oauth_scopes.299962681": "https://www.googleapis.com/auth/compute",
                            "node_pool.0.node_config.0.oauth_scopes.4159840982": "https://www.googleapis.com/auth/projecthosting",
                            "node_pool.0.node_config.0.preemptible": "false",
                            "node_pool.0.node_config.0.sandbox_config.#": "0",
                            "node_pool.0.node_config.0.service_account": "default",
                            "node_pool.0.node_config.0.shielded_instance_config.#": "1",
                            "node_pool.0.node_config.0.shielded_instance_config.0.enable_integrity_monitoring": "true",
                            "node_pool.0.node_config.0.shielded_instance_config.0.enable_secure_boot": "false",
                            "node_pool.0.node_config.0.tags.#": "0",
                            "node_pool.0.node_config.0.taint.#": "0",
                            "node_pool.0.node_config.0.workload_metadata_config.#": "0",
                            "node_pool.0.node_count": "1",
                            "node_pool.0.version": "1.14.10-gke.36",
                            "node_version": "1.14.10-gke.36",
                            "private_cluster_config.#": "0",
                            "project": "shippy-infrastructure-280009",
                            "resource_labels.%": "0",
                            "services_ipv4_cidr": "10.59.240.0/20",
                            "subnetwork": "projects/shippy-infrastructure-280009/regions/europe-west2/subnetworks/dev-shippy-platform-europe-west2",
                            "zone": "europe-west2-a"
                        },
                        "meta": {
                            "e2bfb730-ecaa-11e6-8f88-34363bc7c4c0": {
                                "create": 1800000000000,
                                "delete": 1800000000000,
                                "update": 3600000000000
                            },
                            "schema_version": "1"
                        },
                        "tainted": false
                    },
                    "deposed": [],
                    "provider": "provider.google"
                },
                "google_dns_managed_zone.shippy-infrastructure": {
                    "type": "google_dns_managed_zone",
                    "depends_on": [],
                    "primary": {
                        "id": "shippyinfrastructure-com",
                        "attributes": {
                            "description": "shippyinfrastructure.com DNS zone",
                            "dns_name": "shippyinfrastructure.com.",
                            "dnssec_config.#": "0",
                            "id": "shippyinfrastructure-com",
                            "labels.%": "0",
                            "name": "shippyinfrastructure-com",
                            "name_servers.#": "4",
                            "name_servers.0": "ns-cloud-a1.googledomains.com.",
                            "name_servers.1": "ns-cloud-a2.googledomains.com.",
                            "name_servers.2": "ns-cloud-a3.googledomains.com.",
                            "name_servers.3": "ns-cloud-a4.googledomains.com.",
                            "private_visibility_config.#": "0",
                            "project": "shippy-infrastructure-280009",
                            "visibility": "public"
                        },
                        "meta": {
                            "e2bfb730-ecaa-11e6-8f88-34363bc7c4c0": {
                                "create": 240000000000,
                                "delete": 240000000000,
                                "update": 240000000000
                            }
                        },
                        "tainted": false
                    },
                    "deposed": [],
                    "provider": "provider.google"
                },
                "google_dns_record_set.dev-k8s-endpoint-shippy-infrastructure": {
                    "type": "google_dns_record_set",
                    "depends_on": [
                        "google_container_cluster.shippy-infrastructure-cluster",
                        "google_dns_managed_zone.shippy-infrastructure"
                    ],
                    "primary": {
                        "id": "shippyinfrastructure-com/k8s.dev.shippyinfrastructure.com./A",
                        "attributes": {
                            "id": "shippyinfrastructure-com/k8s.dev.shippyinfrastructure.com./A",
                            "managed_zone": "shippyinfrastructure-com",
                            "name": "k8s.dev.shippyinfrastructure.com.",
                            "project": "shippy-infrastructure-280009",
                            "rrdatas.#": "1",
                            "rrdatas.0": "35.197.201.116",
                            "ttl": "300",
                            "type": "A"
                        },
                        "meta": {},
                        "tainted": false
                    },
                    "deposed": [],
                    "provider": "provider.google"
                }
            },
            "depends_on": []
        }
    ]
}
